
Microsoft Visual Studio Solution File, Format Version 12.00
# Visual Studio Version 17
VisualStudioVersion = 17.7.34009.444
MinimumVisualStudioVersion = 10.0.40219.1
Project("{FAE04EC0-301F-11D3-BF4B-00C04F79EFBC}") = "OperatorOverloading", "OperatorOverloading\OperatorOverloading.csproj", "{E537BF61-F918-44F7-8EA4-C08BE233E0FD}"
EndProject
Global
	GlobalSection(SolutionConfigurationPlatforms) = preSolution
		Debug|Any CPU = Debug|Any CPU
		Release|Any CPU = Release|Any CPU
	EndGlobalSection
	GlobalSection(ProjectConfigurationPlatforms) = postSolution
		{E537BF61-F918-44F7-8EA4-C08BE233E0FD}.Debug|Any CPU.ActiveCfg = Debug|Any CPU
		{E537BF61-F918-44F7-8EA4-C08BE233E0FD}.Debug|Any CPU.Build.0 = Debug|Any CPU
		{E537BF61-F918-44F7-8EA4-C08BE233E0FD}.Release|Any CPU.ActiveCfg = Release|Any CPU
		{E537BF61-F918-44F7-8EA4-C08BE233E0FD}.Release|Any CPU.Build.0 = Release|Any CPU
	EndGlobalSection
	GlobalSection(SolutionProperties) = preSolution
		HideSolutionNode = FALSE
	EndGlobalSection
	GlobalSection(ExtensibilityGlobals) = postSolution
		SolutionGuid = {02A73472-0A77-403A-B136-FE0D81125BBC}
	EndGlobalSection
EndGlobal
