
Microsoft Visual Studio Solution File, Format Version 12.00
# Visual Studio Version 17
VisualStudioVersion = 17.7.34009.444
MinimumVisualStudioVersion = 10.0.40219.1
Project("{FAE04EC0-301F-11D3-BF4B-00C04F79EFBC}") = "ContactManagement", "ContactManagement\ContactManagement.csproj", "{15556D8A-BF56-4874-8F0D-AC05278A4C14}"
EndProject
Global
	GlobalSection(SolutionConfigurationPlatforms) = preSolution
		Debug|Any CPU = Debug|Any CPU
		Release|Any CPU = Release|Any CPU
	EndGlobalSection
	GlobalSection(ProjectConfigurationPlatforms) = postSolution
		{15556D8A-BF56-4874-8F0D-AC05278A4C14}.Debug|Any CPU.ActiveCfg = Debug|Any CPU
		{15556D8A-BF56-4874-8F0D-AC05278A4C14}.Debug|Any CPU.Build.0 = Debug|Any CPU
		{15556D8A-BF56-4874-8F0D-AC05278A4C14}.Release|Any CPU.ActiveCfg = Release|Any CPU
		{15556D8A-BF56-4874-8F0D-AC05278A4C14}.Release|Any CPU.Build.0 = Release|Any CPU
	EndGlobalSection
	GlobalSection(SolutionProperties) = preSolution
		HideSolutionNode = FALSE
	EndGlobalSection
	GlobalSection(ExtensibilityGlobals) = postSolution
		SolutionGuid = {033E29FA-4980-4486-80F3-3C7AA3C5AAE0}
	EndGlobalSection
EndGlobal
