
Microsoft Visual Studio Solution File, Format Version 12.00
# Visual Studio Version 17
VisualStudioVersion = 17.7.34009.444
MinimumVisualStudioVersion = 10.0.40219.1
Project("{FAE04EC0-301F-11D3-BF4B-00C04F79EFBC}") = "Collections.IEnumerable", "Collections.IEnumerable\Collections.IEnumerable.csproj", "{EEC36433-3B0A-47E3-8444-6037B66F34C1}"
EndProject
Global
	GlobalSection(SolutionConfigurationPlatforms) = preSolution
		Debug|Any CPU = Debug|Any CPU
		Release|Any CPU = Release|Any CPU
	EndGlobalSection
	GlobalSection(ProjectConfigurationPlatforms) = postSolution
		{EEC36433-3B0A-47E3-8444-6037B66F34C1}.Debug|Any CPU.ActiveCfg = Debug|Any CPU
		{EEC36433-3B0A-47E3-8444-6037B66F34C1}.Debug|Any CPU.Build.0 = Debug|Any CPU
		{EEC36433-3B0A-47E3-8444-6037B66F34C1}.Release|Any CPU.ActiveCfg = Release|Any CPU
		{EEC36433-3B0A-47E3-8444-6037B66F34C1}.Release|Any CPU.Build.0 = Release|Any CPU
	EndGlobalSection
	GlobalSection(SolutionProperties) = preSolution
		HideSolutionNode = FALSE
	EndGlobalSection
	GlobalSection(ExtensibilityGlobals) = postSolution
		SolutionGuid = {227069DC-A389-46C8-95FC-BE60A673E165}
	EndGlobalSection
EndGlobal
