
Microsoft Visual Studio Solution File, Format Version 12.00
# Visual Studio Version 17
VisualStudioVersion = 17.7.34009.444
MinimumVisualStudioVersion = 10.0.40219.1
Project("{FAE04EC0-301F-11D3-BF4B-00C04F79EFBC}") = "LeftJoinAndRightJoin", "LeftJoinAndRightJoin\LeftJoinAndRightJoin.csproj", "{FB2DF787-E6BF-4A4A-B565-7F34C59FEEA7}"
EndProject
Global
	GlobalSection(SolutionConfigurationPlatforms) = preSolution
		Debug|Any CPU = Debug|Any CPU
		Release|Any CPU = Release|Any CPU
	EndGlobalSection
	GlobalSection(ProjectConfigurationPlatforms) = postSolution
		{FB2DF787-E6BF-4A4A-B565-7F34C59FEEA7}.Debug|Any CPU.ActiveCfg = Debug|Any CPU
		{FB2DF787-E6BF-4A4A-B565-7F34C59FEEA7}.Debug|Any CPU.Build.0 = Debug|Any CPU
		{FB2DF787-E6BF-4A4A-B565-7F34C59FEEA7}.Release|Any CPU.ActiveCfg = Release|Any CPU
		{FB2DF787-E6BF-4A4A-B565-7F34C59FEEA7}.Release|Any CPU.Build.0 = Release|Any CPU
	EndGlobalSection
	GlobalSection(SolutionProperties) = preSolution
		HideSolutionNode = FALSE
	EndGlobalSection
	GlobalSection(ExtensibilityGlobals) = postSolution
		SolutionGuid = {BA1C2D60-B99C-47F0-A2CA-9782D1A8234C}
	EndGlobalSection
EndGlobal
