
Microsoft Visual Studio Solution File, Format Version 12.00
# Visual Studio Version 17
VisualStudioVersion = 17.7.34009.444
MinimumVisualStudioVersion = 10.0.40219.1
Project("{FAE04EC0-301F-11D3-BF4B-00C04F79EFBC}") = "GenericInterface", "GenericInterface\GenericInterface.csproj", "{1D15AFD9-C9EA-4311-B608-7EFB24969D30}"
EndProject
Global
	GlobalSection(SolutionConfigurationPlatforms) = preSolution
		Debug|Any CPU = Debug|Any CPU
		Release|Any CPU = Release|Any CPU
	EndGlobalSection
	GlobalSection(ProjectConfigurationPlatforms) = postSolution
		{1D15AFD9-C9EA-4311-B608-7EFB24969D30}.Debug|Any CPU.ActiveCfg = Debug|Any CPU
		{1D15AFD9-C9EA-4311-B608-7EFB24969D30}.Debug|Any CPU.Build.0 = Debug|Any CPU
		{1D15AFD9-C9EA-4311-B608-7EFB24969D30}.Release|Any CPU.ActiveCfg = Release|Any CPU
		{1D15AFD9-C9EA-4311-B608-7EFB24969D30}.Release|Any CPU.Build.0 = Release|Any CPU
	EndGlobalSection
	GlobalSection(SolutionProperties) = preSolution
		HideSolutionNode = FALSE
	EndGlobalSection
	GlobalSection(ExtensibilityGlobals) = postSolution
		SolutionGuid = {DA5157E1-267E-483B-B8E9-C0133AD62117}
	EndGlobalSection
EndGlobal
